
Microsoft Visual Studio Solution File, Format Version 12.00
# Visual Studio 15
VisualStudioVersion = 15.0.26430.6
MinimumVisualStudioVersion = 10.0.40219.1
Project("{FAE04EC0-301F-11D3-BF4B-00C04F79EFBC}") = "ChatBotApp.Android", "ChatBotApp\ChatBotApp.Android\ChatBotApp.Android.csproj", "{723A9C67-4D98-40EB-B6B3-3B0C279475DE}"
EndProject
Project("{FAE04EC0-301F-11D3-BF4B-00C04F79EFBC}") = "ChatBotApp", "ChatBotApp\ChatBotApp\ChatBotApp.csproj", "{FEAC7A3E-C32F-4298-B5F9-FB3CBFA4805B}"
EndProject
Project("{FAE04EC0-301F-11D3-BF4B-00C04F79EFBC}") = "ChatBotApp.UWP", "ChatBotApp\ChatBotApp.UWP\ChatBotApp.UWP.csproj", "{4CCC7FB5-948A-4A13-87DF-082C6D0AE6DA}"
EndProject
Project("{FAE04EC0-301F-11D3-BF4B-00C04F79EFBC}") = "ChatBotApp.iOS", "ChatBotApp\ChatBotApp.iOS\ChatBotApp.iOS.csproj", "{EA144B29-9432-4F64-9634-DE1FFFED8EBC}"
EndProject
Global
	GlobalSection(SolutionConfigurationPlatforms) = preSolution
		Ad-Hoc|Any CPU = Ad-Hoc|Any CPU
		Ad-Hoc|ARM = Ad-Hoc|ARM
		Ad-Hoc|iPhone = Ad-Hoc|iPhone
		Ad-Hoc|iPhoneSimulator = Ad-Hoc|iPhoneSimulator
		Ad-Hoc|x64 = Ad-Hoc|x64
		Ad-Hoc|x86 = Ad-Hoc|x86
		AppStore|Any CPU = AppStore|Any CPU
		AppStore|ARM = AppStore|ARM
		AppStore|iPhone = AppStore|iPhone
		AppStore|iPhoneSimulator = AppStore|iPhoneSimulator
		AppStore|x64 = AppStore|x64
		AppStore|x86 = AppStore|x86
		Debug|Any CPU = Debug|Any CPU
		Debug|ARM = Debug|ARM
		Debug|iPhone = Debug|iPhone
		Debug|iPhoneSimulator = Debug|iPhoneSimulator
		Debug|x64 = Debug|x64
		Debug|x86 = Debug|x86
		Release|Any CPU = Release|Any CPU
		Release|ARM = Release|ARM
		Release|iPhone = Release|iPhone
		Release|iPhoneSimulator = Release|iPhoneSimulator
		Release|x64 = Release|x64
		Release|x86 = Release|x86
	EndGlobalSection
	GlobalSection(ProjectConfigurationPlatforms) = postSolution
		{723A9C67-4D98-40EB-B6B3-3B0C279475DE}.Ad-Hoc|Any CPU.ActiveCfg = Release|Any CPU
		{723A9C67-4D98-40EB-B6B3-3B0C279475DE}.Ad-Hoc|Any CPU.Build.0 = Release|Any CPU
		{723A9C67-4D98-40EB-B6B3-3B0C279475DE}.Ad-Hoc|Any CPU.Deploy.0 = Release|Any CPU
		{723A9C67-4D98-40EB-B6B3-3B0C279475DE}.Ad-Hoc|ARM.ActiveCfg = Release|Any CPU
		{723A9C67-4D98-40EB-B6B3-3B0C279475DE}.Ad-Hoc|ARM.Build.0 = Release|Any CPU
		{723A9C67-4D98-40EB-B6B3-3B0C279475DE}.Ad-Hoc|ARM.Deploy.0 = Release|Any CPU
		{723A9C67-4D98-40EB-B6B3-3B0C279475DE}.Ad-Hoc|iPhone.ActiveCfg = Release|Any CPU
		{723A9C67-4D98-40EB-B6B3-3B0C279475DE}.Ad-Hoc|iPhone.Build.0 = Release|Any CPU
		{723A9C67-4D98-40EB-B6B3-3B0C279475DE}.Ad-Hoc|iPhone.Deploy.0 = Release|Any CPU
		{723A9C67-4D98-40EB-B6B3-3B0C279475DE}.Ad-Hoc|iPhoneSimulator.ActiveCfg = Release|Any CPU
		{723A9C67-4D98-40EB-B6B3-3B0C279475DE}.Ad-Hoc|iPhoneSimulator.Build.0 = Release|Any CPU
		{723A9C67-4D98-40EB-B6B3-3B0C279475DE}.Ad-Hoc|iPhoneSimulator.Deploy.0 = Release|Any CPU
		{723A9C67-4D98-40EB-B6B3-3B0C279475DE}.Ad-Hoc|x64.ActiveCfg = Release|Any CPU
		{723A9C67-4D98-40EB-B6B3-3B0C279475DE}.Ad-Hoc|x64.Build.0 = Release|Any CPU
		{723A9C67-4D98-40EB-B6B3-3B0C279475DE}.Ad-Hoc|x64.Deploy.0 = Release|Any CPU
		{723A9C67-4D98-40EB-B6B3-3B0C279475DE}.Ad-Hoc|x86.ActiveCfg = Release|Any CPU
		{723A9C67-4D98-40EB-B6B3-3B0C279475DE}.Ad-Hoc|x86.Build.0 = Release|Any CPU
		{723A9C67-4D98-40EB-B6B3-3B0C279475DE}.Ad-Hoc|x86.Deploy.0 = Release|Any CPU
		{723A9C67-4D98-40EB-B6B3-3B0C279475DE}.AppStore|Any CPU.ActiveCfg = Release|Any CPU
		{723A9C67-4D98-40EB-B6B3-3B0C279475DE}.AppStore|Any CPU.Build.0 = Release|Any CPU
		{723A9C67-4D98-40EB-B6B3-3B0C279475DE}.AppStore|Any CPU.Deploy.0 = Release|Any CPU
		{723A9C67-4D98-40EB-B6B3-3B0C279475DE}.AppStore|ARM.ActiveCfg = Release|Any CPU
		{723A9C67-4D98-40EB-B6B3-3B0C279475DE}.AppStore|ARM.Build.0 = Release|Any CPU
		{723A9C67-4D98-40EB-B6B3-3B0C279475DE}.AppStore|ARM.Deploy.0 = Release|Any CPU
		{723A9C67-4D98-40EB-B6B3-3B0C279475DE}.AppStore|iPhone.ActiveCfg = Release|Any CPU
		{723A9C67-4D98-40EB-B6B3-3B0C279475DE}.AppStore|iPhone.Build.0 = Release|Any CPU
		{723A9C67-4D98-40EB-B6B3-3B0C279475DE}.AppStore|iPhone.Deploy.0 = Release|Any CPU
		{723A9C67-4D98-40EB-B6B3-3B0C279475DE}.AppStore|iPhoneSimulator.ActiveCfg = Release|Any CPU
		{723A9C67-4D98-40EB-B6B3-3B0C279475DE}.AppStore|iPhoneSimulator.Build.0 = Release|Any CPU
		{723A9C67-4D98-40EB-B6B3-3B0C279475DE}.AppStore|iPhoneSimulator.Deploy.0 = Release|Any CPU
		{723A9C67-4D98-40EB-B6B3-3B0C279475DE}.AppStore|x64.ActiveCfg = Release|Any CPU
		{723A9C67-4D98-40EB-B6B3-3B0C279475DE}.AppStore|x64.Build.0 = Release|Any CPU
		{723A9C67-4D98-40EB-B6B3-3B0C279475DE}.AppStore|x64.Deploy.0 = Release|Any CPU
		{723A9C67-4D98-40EB-B6B3-3B0C279475DE}.AppStore|x86.ActiveCfg = Release|Any CPU
		{723A9C67-4D98-40EB-B6B3-3B0C279475DE}.AppStore|x86.Build.0 = Release|Any CPU
		{723A9C67-4D98-40EB-B6B3-3B0C279475DE}.AppStore|x86.Deploy.0 = Release|Any CPU
		{723A9C67-4D98-40EB-B6B3-3B0C279475DE}.Debug|Any CPU.ActiveCfg = Debug|Any CPU
		{723A9C67-4D98-40EB-B6B3-3B0C279475DE}.Debug|Any CPU.Build.0 = Debug|Any CPU
		{723A9C67-4D98-40EB-B6B3-3B0C279475DE}.Debug|Any CPU.Deploy.0 = Debug|Any CPU
		{723A9C67-4D98-40EB-B6B3-3B0C279475DE}.Debug|ARM.ActiveCfg = Debug|Any CPU
		{723A9C67-4D98-40EB-B6B3-3B0C279475DE}.Debug|ARM.Build.0 = Debug|Any CPU
		{723A9C67-4D98-40EB-B6B3-3B0C279475DE}.Debug|ARM.Deploy.0 = Debug|Any CPU
		{723A9C67-4D98-40EB-B6B3-3B0C279475DE}.Debug|iPhone.ActiveCfg = Debug|Any CPU
		{723A9C67-4D98-40EB-B6B3-3B0C279475DE}.Debug|iPhone.Build.0 = Debug|Any CPU
		{723A9C67-4D98-40EB-B6B3-3B0C279475DE}.Debug|iPhone.Deploy.0 = Debug|Any CPU
		{723A9C67-4D98-40EB-B6B3-3B0C279475DE}.Debug|iPhoneSimulator.ActiveCfg = Debug|Any CPU
		{723A9C67-4D98-40EB-B6B3-3B0C279475DE}.Debug|iPhoneSimulator.Build.0 = Debug|Any CPU
		{723A9C67-4D98-40EB-B6B3-3B0C279475DE}.Debug|iPhoneSimulator.Deploy.0 = Debug|Any CPU
		{723A9C67-4D98-40EB-B6B3-3B0C279475DE}.Debug|x64.ActiveCfg = Debug|Any CPU
		{723A9C67-4D98-40EB-B6B3-3B0C279475DE}.Debug|x64.Build.0 = Debug|Any CPU
		{723A9C67-4D98-40EB-B6B3-3B0C279475DE}.Debug|x64.Deploy.0 = Debug|Any CPU
		{723A9C67-4D98-40EB-B6B3-3B0C279475DE}.Debug|x86.ActiveCfg = Debug|Any CPU
		{723A9C67-4D98-40EB-B6B3-3B0C279475DE}.Debug|x86.Build.0 = Debug|Any CPU
		{723A9C67-4D98-40EB-B6B3-3B0C279475DE}.Debug|x86.Deploy.0 = Debug|Any CPU
		{723A9C67-4D98-40EB-B6B3-3B0C279475DE}.Release|Any CPU.ActiveCfg = Release|Any CPU
		{723A9C67-4D98-40EB-B6B3-3B0C279475DE}.Release|Any CPU.Build.0 = Release|Any CPU
		{723A9C67-4D98-40EB-B6B3-3B0C279475DE}.Release|Any CPU.Deploy.0 = Release|Any CPU
		{723A9C67-4D98-40EB-B6B3-3B0C279475DE}.Release|ARM.ActiveCfg = Release|Any CPU
		{723A9C67-4D98-40EB-B6B3-3B0C279475DE}.Release|ARM.Build.0 = Release|Any CPU
		{723A9C67-4D98-40EB-B6B3-3B0C279475DE}.Release|ARM.Deploy.0 = Release|Any CPU
		{723A9C67-4D98-40EB-B6B3-3B0C279475DE}.Release|iPhone.ActiveCfg = Release|Any CPU
		{723A9C67-4D98-40EB-B6B3-3B0C279475DE}.Release|iPhone.Build.0 = Release|Any CPU
		{723A9C67-4D98-40EB-B6B3-3B0C279475DE}.Release|iPhone.Deploy.0 = Release|Any CPU
		{723A9C67-4D98-40EB-B6B3-3B0C279475DE}.Release|iPhoneSimulator.ActiveCfg = Release|Any CPU
		{723A9C67-4D98-40EB-B6B3-3B0C279475DE}.Release|iPhoneSimulator.Build.0 = Release|Any CPU
		{723A9C67-4D98-40EB-B6B3-3B0C279475DE}.Release|iPhoneSimulator.Deploy.0 = Release|Any CPU
		{723A9C67-4D98-40EB-B6B3-3B0C279475DE}.Release|x64.ActiveCfg = Release|Any CPU
		{723A9C67-4D98-40EB-B6B3-3B0C279475DE}.Release|x64.Build.0 = Release|Any CPU
		{723A9C67-4D98-40EB-B6B3-3B0C279475DE}.Release|x64.Deploy.0 = Release|Any CPU
		{723A9C67-4D98-40EB-B6B3-3B0C279475DE}.Release|x86.ActiveCfg = Release|Any CPU
		{723A9C67-4D98-40EB-B6B3-3B0C279475DE}.Release|x86.Build.0 = Release|Any CPU
		{723A9C67-4D98-40EB-B6B3-3B0C279475DE}.Release|x86.Deploy.0 = Release|Any CPU
		{FEAC7A3E-C32F-4298-B5F9-FB3CBFA4805B}.Ad-Hoc|Any CPU.ActiveCfg = Release|Any CPU
		{FEAC7A3E-C32F-4298-B5F9-FB3CBFA4805B}.Ad-Hoc|Any CPU.Build.0 = Release|Any CPU
		{FEAC7A3E-C32F-4298-B5F9-FB3CBFA4805B}.Ad-Hoc|ARM.ActiveCfg = Release|Any CPU
		{FEAC7A3E-C32F-4298-B5F9-FB3CBFA4805B}.Ad-Hoc|ARM.Build.0 = Release|Any CPU
		{FEAC7A3E-C32F-4298-B5F9-FB3CBFA4805B}.Ad-Hoc|iPhone.ActiveCfg = Release|Any CPU
		{FEAC7A3E-C32F-4298-B5F9-FB3CBFA4805B}.Ad-Hoc|iPhone.Build.0 = Release|Any CPU
		{FEAC7A3E-C32F-4298-B5F9-FB3CBFA4805B}.Ad-Hoc|iPhoneSimulator.ActiveCfg = Release|Any CPU
		{FEAC7A3E-C32F-4298-B5F9-FB3CBFA4805B}.Ad-Hoc|iPhoneSimulator.Build.0 = Release|Any CPU
		{FEAC7A3E-C32F-4298-B5F9-FB3CBFA4805B}.Ad-Hoc|x64.ActiveCfg = Release|Any CPU
		{FEAC7A3E-C32F-4298-B5F9-FB3CBFA4805B}.Ad-Hoc|x64.Build.0 = Release|Any CPU
		{FEAC7A3E-C32F-4298-B5F9-FB3CBFA4805B}.Ad-Hoc|x86.ActiveCfg = Release|Any CPU
		{FEAC7A3E-C32F-4298-B5F9-FB3CBFA4805B}.Ad-Hoc|x86.Build.0 = Release|Any CPU
		{FEAC7A3E-C32F-4298-B5F9-FB3CBFA4805B}.AppStore|Any CPU.ActiveCfg = Release|Any CPU
		{FEAC7A3E-C32F-4298-B5F9-FB3CBFA4805B}.AppStore|Any CPU.Build.0 = Release|Any CPU
		{FEAC7A3E-C32F-4298-B5F9-FB3CBFA4805B}.AppStore|ARM.ActiveCfg = Release|Any CPU
		{FEAC7A3E-C32F-4298-B5F9-FB3CBFA4805B}.AppStore|ARM.Build.0 = Release|Any CPU
		{FEAC7A3E-C32F-4298-B5F9-FB3CBFA4805B}.AppStore|iPhone.ActiveCfg = Release|Any CPU
		{FEAC7A3E-C32F-4298-B5F9-FB3CBFA4805B}.AppStore|iPhone.Build.0 = Release|Any CPU
		{FEAC7A3E-C32F-4298-B5F9-FB3CBFA4805B}.AppStore|iPhoneSimulator.ActiveCfg = Release|Any CPU
		{FEAC7A3E-C32F-4298-B5F9-FB3CBFA4805B}.AppStore|iPhoneSimulator.Build.0 = Release|Any CPU
		{FEAC7A3E-C32F-4298-B5F9-FB3CBFA4805B}.AppStore|x64.ActiveCfg = Release|Any CPU
		{FEAC7A3E-C32F-4298-B5F9-FB3CBFA4805B}.AppStore|x64.Build.0 = Release|Any CPU
		{FEAC7A3E-C32F-4298-B5F9-FB3CBFA4805B}.AppStore|x86.ActiveCfg = Release|Any CPU
		{FEAC7A3E-C32F-4298-B5F9-FB3CBFA4805B}.AppStore|x86.Build.0 = Release|Any CPU
		{FEAC7A3E-C32F-4298-B5F9-FB3CBFA4805B}.Debug|Any CPU.ActiveCfg = Debug|Any CPU
		{FEAC7A3E-C32F-4298-B5F9-FB3CBFA4805B}.Debug|Any CPU.Build.0 = Debug|Any CPU
		{FEAC7A3E-C32F-4298-B5F9-FB3CBFA4805B}.Debug|ARM.ActiveCfg = Debug|Any CPU
		{FEAC7A3E-C32F-4298-B5F9-FB3CBFA4805B}.Debug|ARM.Build.0 = Debug|Any CPU
		{FEAC7A3E-C32F-4298-B5F9-FB3CBFA4805B}.Debug|iPhone.ActiveCfg = Debug|Any CPU
		{FEAC7A3E-C32F-4298-B5F9-FB3CBFA4805B}.Debug|iPhone.Build.0 = Debug|Any CPU
		{FEAC7A3E-C32F-4298-B5F9-FB3CBFA4805B}.Debug|iPhoneSimulator.ActiveCfg = Debug|Any CPU
		{FEAC7A3E-C32F-4298-B5F9-FB3CBFA4805B}.Debug|iPhoneSimulator.Build.0 = Debug|Any CPU
		{FEAC7A3E-C32F-4298-B5F9-FB3CBFA4805B}.Debug|x64.ActiveCfg = Debug|Any CPU
		{FEAC7A3E-C32F-4298-B5F9-FB3CBFA4805B}.Debug|x64.Build.0 = Debug|Any CPU
		{FEAC7A3E-C32F-4298-B5F9-FB3CBFA4805B}.Debug|x86.ActiveCfg = Debug|Any CPU
		{FEAC7A3E-C32F-4298-B5F9-FB3CBFA4805B}.Debug|x86.Build.0 = Debug|Any CPU
		{FEAC7A3E-C32F-4298-B5F9-FB3CBFA4805B}.Release|Any CPU.ActiveCfg = Release|Any CPU
		{FEAC7A3E-C32F-4298-B5F9-FB3CBFA4805B}.Release|Any CPU.Build.0 = Release|Any CPU
		{FEAC7A3E-C32F-4298-B5F9-FB3CBFA4805B}.Release|ARM.ActiveCfg = Release|Any CPU
		{FEAC7A3E-C32F-4298-B5F9-FB3CBFA4805B}.Release|ARM.Build.0 = Release|Any CPU
		{FEAC7A3E-C32F-4298-B5F9-FB3CBFA4805B}.Release|iPhone.ActiveCfg = Release|Any CPU
		{FEAC7A3E-C32F-4298-B5F9-FB3CBFA4805B}.Release|iPhone.Build.0 = Release|Any CPU
		{FEAC7A3E-C32F-4298-B5F9-FB3CBFA4805B}.Release|iPhoneSimulator.ActiveCfg = Release|Any CPU
		{FEAC7A3E-C32F-4298-B5F9-FB3CBFA4805B}.Release|iPhoneSimulator.Build.0 = Release|Any CPU
		{FEAC7A3E-C32F-4298-B5F9-FB3CBFA4805B}.Release|x64.ActiveCfg = Release|Any CPU
		{FEAC7A3E-C32F-4298-B5F9-FB3CBFA4805B}.Release|x64.Build.0 = Release|Any CPU
		{FEAC7A3E-C32F-4298-B5F9-FB3CBFA4805B}.Release|x86.ActiveCfg = Release|Any CPU
		{FEAC7A3E-C32F-4298-B5F9-FB3CBFA4805B}.Release|x86.Build.0 = Release|Any CPU
		{4CCC7FB5-948A-4A13-87DF-082C6D0AE6DA}.Ad-Hoc|Any CPU.ActiveCfg = Release|x86
		{4CCC7FB5-948A-4A13-87DF-082C6D0AE6DA}.Ad-Hoc|Any CPU.Build.0 = Release|x86
		{4CCC7FB5-948A-4A13-87DF-082C6D0AE6DA}.Ad-Hoc|Any CPU.Deploy.0 = Release|x86
		{4CCC7FB5-948A-4A13-87DF-082C6D0AE6DA}.Ad-Hoc|ARM.ActiveCfg = Release|ARM
		{4CCC7FB5-948A-4A13-87DF-082C6D0AE6DA}.Ad-Hoc|ARM.Build.0 = Release|ARM
		{4CCC7FB5-948A-4A13-87DF-082C6D0AE6DA}.Ad-Hoc|ARM.Deploy.0 = Release|ARM
		{4CCC7FB5-948A-4A13-87DF-082C6D0AE6DA}.Ad-Hoc|iPhone.ActiveCfg = Release|x86
		{4CCC7FB5-948A-4A13-87DF-082C6D0AE6DA}.Ad-Hoc|iPhone.Build.0 = Release|x86
		{4CCC7FB5-948A-4A13-87DF-082C6D0AE6DA}.Ad-Hoc|iPhone.Deploy.0 = Release|x86
		{4CCC7FB5-948A-4A13-87DF-082C6D0AE6DA}.Ad-Hoc|iPhoneSimulator.ActiveCfg = Release|x86
		{4CCC7FB5-948A-4A13-87DF-082C6D0AE6DA}.Ad-Hoc|iPhoneSimulator.Build.0 = Release|x86
		{4CCC7FB5-948A-4A13-87DF-082C6D0AE6DA}.Ad-Hoc|iPhoneSimulator.Deploy.0 = Release|x86
		{4CCC7FB5-948A-4A13-87DF-082C6D0AE6DA}.Ad-Hoc|x64.ActiveCfg = Release|x64
		{4CCC7FB5-948A-4A13-87DF-082C6D0AE6DA}.Ad-Hoc|x64.Build.0 = Release|x64
		{4CCC7FB5-948A-4A13-87DF-082C6D0AE6DA}.Ad-Hoc|x64.Deploy.0 = Release|x64
		{4CCC7FB5-948A-4A13-87DF-082C6D0AE6DA}.Ad-Hoc|x86.ActiveCfg = Release|x86
		{4CCC7FB5-948A-4A13-87DF-082C6D0AE6DA}.Ad-Hoc|x86.Build.0 = Release|x86
		{4CCC7FB5-948A-4A13-87DF-082C6D0AE6DA}.Ad-Hoc|x86.Deploy.0 = Release|x86
		{4CCC7FB5-948A-4A13-87DF-082C6D0AE6DA}.AppStore|Any CPU.ActiveCfg = Release|x86
		{4CCC7FB5-948A-4A13-87DF-082C6D0AE6DA}.AppStore|Any CPU.Build.0 = Release|x86
		{4CCC7FB5-948A-4A13-87DF-082C6D0AE6DA}.AppStore|Any CPU.Deploy.0 = Release|x86
		{4CCC7FB5-948A-4A13-87DF-082C6D0AE6DA}.AppStore|ARM.ActiveCfg = Release|ARM
		{4CCC7FB5-948A-4A13-87DF-082C6D0AE6DA}.AppStore|ARM.Build.0 = Release|ARM
		{4CCC7FB5-948A-4A13-87DF-082C6D0AE6DA}.AppStore|ARM.Deploy.0 = Release|ARM
		{4CCC7FB5-948A-4A13-87DF-082C6D0AE6DA}.AppStore|iPhone.ActiveCfg = Release|x86
		{4CCC7FB5-948A-4A13-87DF-082C6D0AE6DA}.AppStore|iPhone.Build.0 = Release|x86
		{4CCC7FB5-948A-4A13-87DF-082C6D0AE6DA}.AppStore|iPhone.Deploy.0 = Release|x86
		{4CCC7FB5-948A-4A13-87DF-082C6D0AE6DA}.AppStore|iPhoneSimulator.ActiveCfg = Release|x86
		{4CCC7FB5-948A-4A13-87DF-082C6D0AE6DA}.AppStore|iPhoneSimulator.Build.0 = Release|x86
		{4CCC7FB5-948A-4A13-87DF-082C6D0AE6DA}.AppStore|iPhoneSimulator.Deploy.0 = Release|x86
		{4CCC7FB5-948A-4A13-87DF-082C6D0AE6DA}.AppStore|x64.ActiveCfg = Release|x64
		{4CCC7FB5-948A-4A13-87DF-082C6D0AE6DA}.AppStore|x64.Build.0 = Release|x64
		{4CCC7FB5-948A-4A13-87DF-082C6D0AE6DA}.AppStore|x64.Deploy.0 = Release|x64
		{4CCC7FB5-948A-4A13-87DF-082C6D0AE6DA}.AppStore|x86.ActiveCfg = Release|x86
		{4CCC7FB5-948A-4A13-87DF-082C6D0AE6DA}.AppStore|x86.Build.0 = Release|x86
		{4CCC7FB5-948A-4A13-87DF-082C6D0AE6DA}.AppStore|x86.Deploy.0 = Release|x86
		{4CCC7FB5-948A-4A13-87DF-082C6D0AE6DA}.Debug|Any CPU.ActiveCfg = Debug|x86
		{4CCC7FB5-948A-4A13-87DF-082C6D0AE6DA}.Debug|ARM.ActiveCfg = Debug|ARM
		{4CCC7FB5-948A-4A13-87DF-082C6D0AE6DA}.Debug|ARM.Build.0 = Debug|ARM
		{4CCC7FB5-948A-4A13-87DF-082C6D0AE6DA}.Debug|ARM.Deploy.0 = Debug|ARM
		{4CCC7FB5-948A-4A13-87DF-082C6D0AE6DA}.Debug|iPhone.ActiveCfg = Debug|x86
		{4CCC7FB5-948A-4A13-87DF-082C6D0AE6DA}.Debug|iPhoneSimulator.ActiveCfg = Debug|x86
		{4CCC7FB5-948A-4A13-87DF-082C6D0AE6DA}.Debug|x64.ActiveCfg = Debug|x64
		{4CCC7FB5-948A-4A13-87DF-082C6D0AE6DA}.Debug|x64.Build.0 = Debug|x64
		{4CCC7FB5-948A-4A13-87DF-082C6D0AE6DA}.Debug|x64.Deploy.0 = Debug|x64
		{4CCC7FB5-948A-4A13-87DF-082C6D0AE6DA}.Debug|x86.ActiveCfg = Debug|x86
		{4CCC7FB5-948A-4A13-87DF-082C6D0AE6DA}.Debug|x86.Build.0 = Debug|x86
		{4CCC7FB5-948A-4A13-87DF-082C6D0AE6DA}.Debug|x86.Deploy.0 = Debug|x86
		{4CCC7FB5-948A-4A13-87DF-082C6D0AE6DA}.Release|Any CPU.ActiveCfg = Release|x86
		{4CCC7FB5-948A-4A13-87DF-082C6D0AE6DA}.Release|ARM.ActiveCfg = Release|ARM
		{4CCC7FB5-948A-4A13-87DF-082C6D0AE6DA}.Release|ARM.Build.0 = Release|ARM
		{4CCC7FB5-948A-4A13-87DF-082C6D0AE6DA}.Release|ARM.Deploy.0 = Release|ARM
		{4CCC7FB5-948A-4A13-87DF-082C6D0AE6DA}.Release|iPhone.ActiveCfg = Release|x86
		{4CCC7FB5-948A-4A13-87DF-082C6D0AE6DA}.Release|iPhoneSimulator.ActiveCfg = Release|x86
		{4CCC7FB5-948A-4A13-87DF-082C6D0AE6DA}.Release|x64.ActiveCfg = Release|x64
		{4CCC7FB5-948A-4A13-87DF-082C6D0AE6DA}.Release|x64.Build.0 = Release|x64
		{4CCC7FB5-948A-4A13-87DF-082C6D0AE6DA}.Release|x64.Deploy.0 = Release|x64
		{4CCC7FB5-948A-4A13-87DF-082C6D0AE6DA}.Release|x86.ActiveCfg = Release|x86
		{4CCC7FB5-948A-4A13-87DF-082C6D0AE6DA}.Release|x86.Build.0 = Release|x86
		{4CCC7FB5-948A-4A13-87DF-082C6D0AE6DA}.Release|x86.Deploy.0 = Release|x86
		{EA144B29-9432-4F64-9634-DE1FFFED8EBC}.Ad-Hoc|Any CPU.ActiveCfg = Ad-Hoc|iPhone
		{EA144B29-9432-4F64-9634-DE1FFFED8EBC}.Ad-Hoc|ARM.ActiveCfg = Ad-Hoc|iPhone
		{EA144B29-9432-4F64-9634-DE1FFFED8EBC}.Ad-Hoc|iPhone.ActiveCfg = Ad-Hoc|iPhone
		{EA144B29-9432-4F64-9634-DE1FFFED8EBC}.Ad-Hoc|iPhone.Build.0 = Ad-Hoc|iPhone
		{EA144B29-9432-4F64-9634-DE1FFFED8EBC}.Ad-Hoc|iPhoneSimulator.ActiveCfg = Ad-Hoc|iPhoneSimulator
		{EA144B29-9432-4F64-9634-DE1FFFED8EBC}.Ad-Hoc|iPhoneSimulator.Build.0 = Ad-Hoc|iPhoneSimulator
		{EA144B29-9432-4F64-9634-DE1FFFED8EBC}.Ad-Hoc|x64.ActiveCfg = Ad-Hoc|iPhone
		{EA144B29-9432-4F64-9634-DE1FFFED8EBC}.Ad-Hoc|x86.ActiveCfg = Ad-Hoc|iPhone
		{EA144B29-9432-4F64-9634-DE1FFFED8EBC}.AppStore|Any CPU.ActiveCfg = AppStore|iPhone
		{EA144B29-9432-4F64-9634-DE1FFFED8EBC}.AppStore|ARM.ActiveCfg = AppStore|iPhone
		{EA144B29-9432-4F64-9634-DE1FFFED8EBC}.AppStore|iPhone.ActiveCfg = AppStore|iPhone
		{EA144B29-9432-4F64-9634-DE1FFFED8EBC}.AppStore|iPhone.Build.0 = AppStore|iPhone
		{EA144B29-9432-4F64-9634-DE1FFFED8EBC}.AppStore|iPhoneSimulator.ActiveCfg = AppStore|iPhoneSimulator
		{EA144B29-9432-4F64-9634-DE1FFFED8EBC}.AppStore|iPhoneSimulator.Build.0 = AppStore|iPhoneSimulator
		{EA144B29-9432-4F64-9634-DE1FFFED8EBC}.AppStore|x64.ActiveCfg = AppStore|iPhone
		{EA144B29-9432-4F64-9634-DE1FFFED8EBC}.AppStore|x86.ActiveCfg = AppStore|iPhone
		{EA144B29-9432-4F64-9634-DE1FFFED8EBC}.Debug|Any CPU.ActiveCfg = Debug|iPhone
		{EA144B29-9432-4F64-9634-DE1FFFED8EBC}.Debug|ARM.ActiveCfg = Debug|iPhone
		{EA144B29-9432-4F64-9634-DE1FFFED8EBC}.Debug|iPhone.ActiveCfg = Debug|iPhone
		{EA144B29-9432-4F64-9634-DE1FFFED8EBC}.Debug|iPhone.Build.0 = Debug|iPhone
		{EA144B29-9432-4F64-9634-DE1FFFED8EBC}.Debug|iPhoneSimulator.ActiveCfg = Debug|iPhoneSimulator
		{EA144B29-9432-4F64-9634-DE1FFFED8EBC}.Debug|iPhoneSimulator.Build.0 = Debug|iPhoneSimulator
		{EA144B29-9432-4F64-9634-DE1FFFED8EBC}.Debug|x64.ActiveCfg = Debug|iPhone
		{EA144B29-9432-4F64-9634-DE1FFFED8EBC}.Debug|x86.ActiveCfg = Debug|iPhone
		{EA144B29-9432-4F64-9634-DE1FFFED8EBC}.Release|Any CPU.ActiveCfg = Release|iPhone
		{EA144B29-9432-4F64-9634-DE1FFFED8EBC}.Release|ARM.ActiveCfg = Release|iPhone
		{EA144B29-9432-4F64-9634-DE1FFFED8EBC}.Release|iPhone.ActiveCfg = Release|iPhone
		{EA144B29-9432-4F64-9634-DE1FFFED8EBC}.Release|iPhone.Build.0 = Release|iPhone
		{EA144B29-9432-4F64-9634-DE1FFFED8EBC}.Release|iPhoneSimulator.ActiveCfg = Release|iPhoneSimulator
		{EA144B29-9432-4F64-9634-DE1FFFED8EBC}.Release|iPhoneSimulator.Build.0 = Release|iPhoneSimulator
		{EA144B29-9432-4F64-9634-DE1FFFED8EBC}.Release|x64.ActiveCfg = Release|iPhone
		{EA144B29-9432-4F64-9634-DE1FFFED8EBC}.Release|x86.ActiveCfg = Release|iPhone
	EndGlobalSection
	GlobalSection(SolutionProperties) = preSolution
		HideSolutionNode = FALSE
	EndGlobalSection
EndGlobal
